// !$*UTF8*$!
{
	archiveVersion = 1;
	classes = {
	};
	objectVersion = 46;
	objects = {

/* Begin PBXBuildFile section */
		758AC89E1B69B5A8009B135D /* BrowserType2ViewController.m in Sources */ = {isa = PBXBuildFile; fileRef = 758AC89D1B69B5A8009B135D /* BrowserType2ViewController.m */; };
		758AC8A11B69BC30009B135D /* BrowserType3ViewController.m in Sources */ = {isa = PBXBuildFile; fileRef = 758AC8A01B69BC30009B135D /* BrowserType3ViewController.m */; };
		758AC8A71B69F09E009B135D /* BrowserDetailView.m in Sources */ = {isa = PBXBuildFile; fileRef = 758AC8A61B69F09E009B135D /* BrowserDetailView.m */; };
		758AC8B01B6A2B83009B135D /* BrowserType4ViewController.m in Sources */ = {isa = PBXBuildFile; fileRef = 758AC8AF1B6A2B83009B135D /* BrowserType4ViewController.m */; };
		75A141471B6B0F3A003334DD /* BrowserType5ViewController.m in Sources */ = {isa = PBXBuildFile; fileRef = 75A141461B6B0F3A003334DD /* BrowserType5ViewController.m */; };
		75A1417A1B6B6E97003334DD /* LICENSE in Resources */ = {isa = PBXBuildFile; fileRef = 75A141501B6B6E97003334DD /* LICENSE */; };
		75A1417B1B6B6E97003334DD /* MKAnnotationView+WebCache.m in Sources */ = {isa = PBXBuildFile; fileRef = 75A141521B6B6E97003334DD /* MKAnnotationView+WebCache.m */; };
		75A1417C1B6B6E97003334DD /* NSData+GIF.m in Sources */ = {isa = PBXBuildFile; fileRef = 75A141541B6B6E97003334DD /* NSData+GIF.m */; };
		75A1417D1B6B6E97003334DD /* README.md in Sources */ = {isa = PBXBuildFile; fileRef = 75A141551B6B6E97003334DD /* README.md */; };
		75A1417E1B6B6E97003334DD /* SDImageCache.m in Sources */ = {isa = PBXBuildFile; fileRef = 75A141571B6B6E97003334DD /* SDImageCache.m */; };
		75A1417F1B6B6E97003334DD /* SDWebImageCompat.m in Sources */ = {isa = PBXBuildFile; fileRef = 75A1415A1B6B6E97003334DD /* SDWebImageCompat.m */; };
		75A141801B6B6E97003334DD /* SDWebImageDecoder.m in Sources */ = {isa = PBXBuildFile; fileRef = 75A1415C1B6B6E97003334DD /* SDWebImageDecoder.m */; };
		75A141811B6B6E97003334DD /* SDWebImageDownloader.m in Sources */ = {isa = PBXBuildFile; fileRef = 75A1415E1B6B6E97003334DD /* SDWebImageDownloader.m */; };
		75A141821B6B6E97003334DD /* SDWebImageDownloaderOperation.m in Sources */ = {isa = PBXBuildFile; fileRef = 75A141611B6B6E97003334DD /* SDWebImageDownloaderOperation.m */; };
		75A141831B6B6E97003334DD /* SDWebImageManager+MJ.m in Sources */ = {isa = PBXBuildFile; fileRef = 75A141631B6B6E97003334DD /* SDWebImageManager+MJ.m */; };
		75A141841B6B6E97003334DD /* SDWebImageManager.m in Sources */ = {isa = PBXBuildFile; fileRef = 75A141651B6B6E97003334DD /* SDWebImageManager.m */; };
		75A141851B6B6E97003334DD /* SDWebImagePrefetcher.m in Sources */ = {isa = PBXBuildFile; fileRef = 75A141691B6B6E97003334DD /* SDWebImagePrefetcher.m */; };
		75A141861B6B6E97003334DD /* UIButton+WebCache.m in Sources */ = {isa = PBXBuildFile; fileRef = 75A1416B1B6B6E97003334DD /* UIButton+WebCache.m */; };
		75A141871B6B6E97003334DD /* UIImage+GIF.m in Sources */ = {isa = PBXBuildFile; fileRef = 75A1416D1B6B6E97003334DD /* UIImage+GIF.m */; };
		75A141881B6B6E97003334DD /* UIImage+MultiFormat.m in Sources */ = {isa = PBXBuildFile; fileRef = 75A1416F1B6B6E97003334DD /* UIImage+MultiFormat.m */; };
		75A141891B6B6E97003334DD /* UIImage+WebP.m in Sources */ = {isa = PBXBuildFile; fileRef = 75A141711B6B6E97003334DD /* UIImage+WebP.m */; };
		75A1418A1B6B6E97003334DD /* UIImageView+WebCache.m in Sources */ = {isa = PBXBuildFile; fileRef = 75A141731B6B6E97003334DD /* UIImageView+WebCache.m */; };
		75A1418B1B6B6E97003334DD /* UIScrollView+SVInfiniteScrolling.m in Sources */ = {isa = PBXBuildFile; fileRef = 75A141771B6B6E97003334DD /* UIScrollView+SVInfiniteScrolling.m */; };
		75A1418C1B6B6E97003334DD /* UIScrollView+SVPullToRefresh.m in Sources */ = {isa = PBXBuildFile; fileRef = 75A141791B6B6E97003334DD /* UIScrollView+SVPullToRefresh.m */; };
		75A141921B6B6EA3003334DD /* FadeBackControllerTransitioning.m in Sources */ = {isa = PBXBuildFile; fileRef = 75A1418F1B6B6EA3003334DD /* FadeBackControllerTransitioning.m */; };
		75A141931B6B6EA3003334DD /* FadeShowControllerTransitioning.m in Sources */ = {isa = PBXBuildFile; fileRef = 75A141911B6B6EA3003334DD /* FadeShowControllerTransitioning.m */; };
		75A1419D1B6B6EA9003334DD /* FRBrowserFlowLayout.m in Sources */ = {isa = PBXBuildFile; fileRef = 75A141961B6B6EA9003334DD /* FRBrowserFlowLayout.m */; };
		75A1419E1B6B6EA9003334DD /* FRBrowserView.m in Sources */ = {isa = PBXBuildFile; fileRef = 75A141981B6B6EA9003334DD /* FRBrowserView.m */; };
		75A1419F1B6B6EA9003334DD /* FRProgressView.m in Sources */ = {isa = PBXBuildFile; fileRef = 75A1419A1B6B6EA9003334DD /* FRProgressView.m */; };
		75A141A01B6B6EA9003334DD /* FRShowImageView.m in Sources */ = {isa = PBXBuildFile; fileRef = 75A1419C1B6B6EA9003334DD /* FRShowImageView.m */; };
		75E045951B68D87C0078278A /* main.m in Sources */ = {isa = PBXBuildFile; fileRef = 75E045941B68D87C0078278A /* main.m */; };
		75E045981B68D87C0078278A /* AppDelegate.m in Sources */ = {isa = PBXBuildFile; fileRef = 75E045971B68D87C0078278A /* AppDelegate.m */; };
		75E0459B1B68D87C0078278A /* ViewController.m in Sources */ = {isa = PBXBuildFile; fileRef = 75E0459A1B68D87C0078278A /* ViewController.m */; };
		75E0459E1B68D87C0078278A /* Main.storyboard in Resources */ = {isa = PBXBuildFile; fileRef = 75E0459C1B68D87C0078278A /* Main.storyboard */; };
		75E045A01B68D87C0078278A /* Images.xcassets in Resources */ = {isa = PBXBuildFile; fileRef = 75E0459F1B68D87C0078278A /* Images.xcassets */; };
		75E045A31B68D87C0078278A /* LaunchScreen.xib in Resources */ = {isa = PBXBuildFile; fileRef = 75E045A11B68D87C0078278A /* LaunchScreen.xib */; };
		75E045AF1B68D87C0078278A /* FRBrowserViewTests.m in Sources */ = {isa = PBXBuildFile; fileRef = 75E045AE1B68D87C0078278A /* FRBrowserViewTests.m */; };
		75E045FD1B68F6830078278A /* BrowserType1ViewController.m in Sources */ = {isa = PBXBuildFile; fileRef = 75E045FC1B68F6830078278A /* BrowserType1ViewController.m */; };
/* End PBXBuildFile section */

/* Begin PBXContainerItemProxy section */
		75E045A91B68D87C0078278A /* PBXContainerItemProxy */ = {
			isa = PBXContainerItemProxy;
			containerPortal = 75E045871B68D87C0078278A /* Project object */;
			proxyType = 1;
			remoteGlobalIDString = 75E0458E1B68D87C0078278A;
			remoteInfo = FRBrowserView;
		};
/* End PBXContainerItemProxy section */

/* Begin PBXFileReference section */
		758AC89C1B69B5A8009B135D /* BrowserType2ViewController.h */ = {isa = PBXFileReference; fileEncoding = 4; lastKnownFileType = sourcecode.c.h; path = BrowserType2ViewController.h; sourceTree = "<group>"; };
		758AC89D1B69B5A8009B135D /* BrowserType2ViewController.m */ = {isa = PBXFileReference; fileEncoding = 4; lastKnownFileType = sourcecode.c.objc; path = BrowserType2ViewController.m; sourceTree = "<group>"; };
		758AC89F1B69BC30009B135D /* BrowserType3ViewController.h */ = {isa = PBXFileReference; fileEncoding = 4; lastKnownFileType = sourcecode.c.h; path = BrowserType3ViewController.h; sourceTree = "<group>"; };
		758AC8A01B69BC30009B135D /* BrowserType3ViewController.m */ = {isa = PBXFileReference; fileEncoding = 4; lastKnownFileType = sourcecode.c.objc; path = BrowserType3ViewController.m; sourceTree = "<group>"; };
		758AC8A51B69F09E009B135D /* BrowserDetailView.h */ = {isa = PBXFileReference; fileEncoding = 4; lastKnownFileType = sourcecode.c.h; path = BrowserDetailView.h; sourceTree = "<group>"; };
		758AC8A61B69F09E009B135D /* BrowserDetailView.m */ = {isa = PBXFileReference; fileEncoding = 4; lastKnownFileType = sourcecode.c.objc; path = BrowserDetailView.m; sourceTree = "<group>"; };
		758AC8AE1B6A2B83009B135D /* BrowserType4ViewController.h */ = {isa = PBXFileReference; fileEncoding = 4; lastKnownFileType = sourcecode.c.h; path = BrowserType4ViewController.h; sourceTree = "<group>"; };
		758AC8AF1B6A2B83009B135D /* BrowserType4ViewController.m */ = {isa = PBXFileReference; fileEncoding = 4; lastKnownFileType = sourcecode.c.objc; path = BrowserType4ViewController.m; sourceTree = "<group>"; };
		75A141451B6B0F3A003334DD /* BrowserType5ViewController.h */ = {isa = PBXFileReference; fileEncoding = 4; lastKnownFileType = sourcecode.c.h; path = BrowserType5ViewController.h; sourceTree = "<group>"; };
		75A141461B6B0F3A003334DD /* BrowserType5ViewController.m */ = {isa = PBXFileReference; fileEncoding = 4; lastKnownFileType = sourcecode.c.objc; path = BrowserType5ViewController.m; sourceTree = "<group>"; };
		75A141501B6B6E97003334DD /* LICENSE */ = {isa = PBXFileReference; fileEncoding = 4; lastKnownFileType = text; path = LICENSE; sourceTree = "<group>"; };
		75A141511B6B6E97003334DD /* MKAnnotationView+WebCache.h */ = {isa = PBXFileReference; fileEncoding = 4; lastKnownFileType = sourcecode.c.h; path = "MKAnnotationView+WebCache.h"; sourceTree = "<group>"; };
		75A141521B6B6E97003334DD /* MKAnnotationView+WebCache.m */ = {isa = PBXFileReference; fileEncoding = 4; lastKnownFileType = sourcecode.c.objc; path = "MKAnnotationView+WebCache.m"; sourceTree = "<group>"; };
		75A141531B6B6E97003334DD /* NSData+GIF.h */ = {isa = PBXFileReference; fileEncoding = 4; lastKnownFileType = sourcecode.c.h; path = "NSData+GIF.h"; sourceTree = "<group>"; };
		75A141541B6B6E97003334DD /* NSData+GIF.m */ = {isa = PBXFileReference; fileEncoding = 4; lastKnownFileType = sourcecode.c.objc; path = "NSData+GIF.m"; sourceTree = "<group>"; };
		75A141551B6B6E97003334DD /* README.md */ = {isa = PBXFileReference; fileEncoding = 4; lastKnownFileType = net.daringfireball.markdown; path = README.md; sourceTree = "<group>"; };
		75A141561B6B6E97003334DD /* SDImageCache.h */ = {isa = PBXFileReference; fileEncoding = 4; lastKnownFileType = sourcecode.c.h; path = SDImageCache.h; sourceTree = "<group>"; };
		75A141571B6B6E97003334DD /* SDImageCache.m */ = {isa = PBXFileReference; fileEncoding = 4; lastKnownFileType = sourcecode.c.objc; path = SDImageCache.m; sourceTree = "<group>"; };
		75A141581B6B6E97003334DD /* SDImageCacheDelegate.h */ = {isa = PBXFileReference; fileEncoding = 4; lastKnownFileType = sourcecode.c.h; path = SDImageCacheDelegate.h; sourceTree = "<group>"; };
		75A141591B6B6E97003334DD /* SDWebImageCompat.h */ = {isa = PBXFileReference; fileEncoding = 4; lastKnownFileType = sourcecode.c.h; path = SDWebImageCompat.h; sourceTree = "<group>"; };
		75A1415A1B6B6E97003334DD /* SDWebImageCompat.m */ = {isa = PBXFileReference; fileEncoding = 4; lastKnownFileType = sourcecode.c.objc; path = SDWebImageCompat.m; sourceTree = "<group>"; };
		75A1415B1B6B6E97003334DD /* SDWebImageDecoder.h */ = {isa = PBXFileReference; fileEncoding = 4; lastKnownFileType = sourcecode.c.h; path = SDWebImageDecoder.h; sourceTree = "<group>"; };
		75A1415C1B6B6E97003334DD /* SDWebImageDecoder.m */ = {isa = PBXFileReference; fileEncoding = 4; lastKnownFileType = sourcecode.c.objc; path = SDWebImageDecoder.m; sourceTree = "<group>"; };
		75A1415D1B6B6E97003334DD /* SDWebImageDownloader.h */ = {isa = PBXFileReference; fileEncoding = 4; lastKnownFileType = sourcecode.c.h; path = SDWebImageDownloader.h; sourceTree = "<group>"; };
		75A1415E1B6B6E97003334DD /* SDWebImageDownloader.m */ = {isa = PBXFileReference; fileEncoding = 4; lastKnownFileType = sourcecode.c.objc; path = SDWebImageDownloader.m; sourceTree = "<group>"; };
		75A1415F1B6B6E97003334DD /* SDWebImageDownloaderDelegate.h */ = {isa = PBXFileReference; fileEncoding = 4; lastKnownFileType = sourcecode.c.h; path = SDWebImageDownloaderDelegate.h; sourceTree = "<group>"; };
		75A141601B6B6E97003334DD /* SDWebImageDownloaderOperation.h */ = {isa = PBXFileReference; fileEncoding = 4; lastKnownFileType = sourcecode.c.h; path = SDWebImageDownloaderOperation.h; sourceTree = "<group>"; };
		75A141611B6B6E97003334DD /* SDWebImageDownloaderOperation.m */ = {isa = PBXFileReference; fileEncoding = 4; lastKnownFileType = sourcecode.c.objc; path = SDWebImageDownloaderOperation.m; sourceTree = "<group>"; };
		75A141621B6B6E97003334DD /* SDWebImageManager+MJ.h */ = {isa = PBXFileReference; fileEncoding = 4; lastKnownFileType = sourcecode.c.h; path = "SDWebImageManager+MJ.h"; sourceTree = "<group>"; };
		75A141631B6B6E97003334DD /* SDWebImageManager+MJ.m */ = {isa = PBXFileReference; fileEncoding = 4; lastKnownFileType = sourcecode.c.objc; path = "SDWebImageManager+MJ.m"; sourceTree = "<group>"; };
		75A141641B6B6E97003334DD /* SDWebImageManager.h */ = {isa = PBXFileReference; fileEncoding = 4; lastKnownFileType = sourcecode.c.h; path = SDWebImageManager.h; sourceTree = "<group>"; };
		75A141651B6B6E97003334DD /* SDWebImageManager.m */ = {isa = PBXFileReference; fileEncoding = 4; lastKnownFileType = sourcecode.c.objc; path = SDWebImageManager.m; sourceTree = "<group>"; };
		75A141661B6B6E97003334DD /* SDWebImageManagerDelegate.h */ = {isa = PBXFileReference; fileEncoding = 4; lastKnownFileType = sourcecode.c.h; path = SDWebImageManagerDelegate.h; sourceTree = "<group>"; };
		75A141671B6B6E97003334DD /* SDWebImageOperation.h */ = {isa = PBXFileReference; fileEncoding = 4; lastKnownFileType = sourcecode.c.h; path = SDWebImageOperation.h; sourceTree = "<group>"; };
		75A141681B6B6E97003334DD /* SDWebImagePrefetcher.h */ = {isa = PBXFileReference; fileEncoding = 4; lastKnownFileType = sourcecode.c.h; path = SDWebImagePrefetcher.h; sourceTree = "<group>"; };
		75A141691B6B6E97003334DD /* SDWebImagePrefetcher.m */ = {isa = PBXFileReference; fileEncoding = 4; lastKnownFileType = sourcecode.c.objc; path = SDWebImagePrefetcher.m; sourceTree = "<group>"; };
		75A1416A1B6B6E97003334DD /* UIButton+WebCache.h */ = {isa = PBXFileReference; fileEncoding = 4; lastKnownFileType = sourcecode.c.h; path = "UIButton+WebCache.h"; sourceTree = "<group>"; };
		75A1416B1B6B6E97003334DD /* UIButton+WebCache.m */ = {isa = PBXFileReference; fileEncoding = 4; lastKnownFileType = sourcecode.c.objc; path = "UIButton+WebCache.m"; sourceTree = "<group>"; };
		75A1416C1B6B6E97003334DD /* UIImage+GIF.h */ = {isa = PBXFileReference; fileEncoding = 4; lastKnownFileType = sourcecode.c.h; path = "UIImage+GIF.h"; sourceTree = "<group>"; };
		75A1416D1B6B6E97003334DD /* UIImage+GIF.m */ = {isa = PBXFileReference; fileEncoding = 4; lastKnownFileType = sourcecode.c.objc; path = "UIImage+GIF.m"; sourceTree = "<group>"; };
		75A1416E1B6B6E97003334DD /* UIImage+MultiFormat.h */ = {isa = PBXFileReference; fileEncoding = 4; lastKnownFileType = sourcecode.c.h; path = "UIImage+MultiFormat.h"; sourceTree = "<group>"; };
		75A1416F1B6B6E97003334DD /* UIImage+MultiFormat.m */ = {isa = PBXFileReference; fileEncoding = 4; lastKnownFileType = sourcecode.c.objc; path = "UIImage+MultiFormat.m"; sourceTree = "<group>"; };
		75A141701B6B6E97003334DD /* UIImage+WebP.h */ = {isa = PBXFileReference; fileEncoding = 4; lastKnownFileType = sourcecode.c.h; path = "UIImage+WebP.h"; sourceTree = "<group>"; };
		75A141711B6B6E97003334DD /* UIImage+WebP.m */ = {isa = PBXFileReference; fileEncoding = 4; lastKnownFileType = sourcecode.c.objc; path = "UIImage+WebP.m"; sourceTree = "<group>"; };
		75A141721B6B6E97003334DD /* UIImageView+WebCache.h */ = {isa = PBXFileReference; fileEncoding = 4; lastKnownFileType = sourcecode.c.h; path = "UIImageView+WebCache.h"; sourceTree = "<group>"; };
		75A141731B6B6E97003334DD /* UIImageView+WebCache.m */ = {isa = PBXFileReference; fileEncoding = 4; lastKnownFileType = sourcecode.c.objc; path = "UIImageView+WebCache.m"; sourceTree = "<group>"; };
		75A141751B6B6E97003334DD /* SVPullToRefresh.h */ = {isa = PBXFileReference; fileEncoding = 4; lastKnownFileType = sourcecode.c.h; path = SVPullToRefresh.h; sourceTree = "<group>"; };
		75A141761B6B6E97003334DD /* UIScrollView+SVInfiniteScrolling.h */ = {isa = PBXFileReference; fileEncoding = 4; lastKnownFileType = sourcecode.c.h; path = "UIScrollView+SVInfiniteScrolling.h"; sourceTree = "<group>"; };
		75A141771B6B6E97003334DD /* UIScrollView+SVInfiniteScrolling.m */ = {isa = PBXFileReference; fileEncoding = 4; lastKnownFileType = sourcecode.c.objc; path = "UIScrollView+SVInfiniteScrolling.m"; sourceTree = "<group>"; };
		75A141781B6B6E97003334DD /* UIScrollView+SVPullToRefresh.h */ = {isa = PBXFileReference; fileEncoding = 4; lastKnownFileType = sourcecode.c.h; path = "UIScrollView+SVPullToRefresh.h"; sourceTree = "<group>"; };
		75A141791B6B6E97003334DD /* UIScrollView+SVPullToRefresh.m */ = {isa = PBXFileReference; fileEncoding = 4; lastKnownFileType = sourcecode.c.objc; path = "UIScrollView+SVPullToRefresh.m"; sourceTree = "<group>"; };
		75A1418E1B6B6EA3003334DD /* FadeBackControllerTransitioning.h */ = {isa = PBXFileReference; fileEncoding = 4; lastKnownFileType = sourcecode.c.h; path = FadeBackControllerTransitioning.h; sourceTree = "<group>"; };
		75A1418F1B6B6EA3003334DD /* FadeBackControllerTransitioning.m */ = {isa = PBXFileReference; fileEncoding = 4; lastKnownFileType = sourcecode.c.objc; path = FadeBackControllerTransitioning.m; sourceTree = "<group>"; };
		75A141901B6B6EA3003334DD /* FadeShowControllerTransitioning.h */ = {isa = PBXFileReference; fileEncoding = 4; lastKnownFileType = sourcecode.c.h; path = FadeShowControllerTransitioning.h; sourceTree = "<group>"; };
		75A141911B6B6EA3003334DD /* FadeShowControllerTransitioning.m */ = {isa = PBXFileReference; fileEncoding = 4; lastKnownFileType = sourcecode.c.objc; path = FadeShowControllerTransitioning.m; sourceTree = "<group>"; };
		75A141951B6B6EA9003334DD /* FRBrowserFlowLayout.h */ = {isa = PBXFileReference; fileEncoding = 4; lastKnownFileType = sourcecode.c.h; path = FRBrowserFlowLayout.h; sourceTree = "<group>"; };
		75A141961B6B6EA9003334DD /* FRBrowserFlowLayout.m */ = {isa = PBXFileReference; fileEncoding = 4; lastKnownFileType = sourcecode.c.objc; path = FRBrowserFlowLayout.m; sourceTree = "<group>"; };
		75A141971B6B6EA9003334DD /* FRBrowserView.h */ = {isa = PBXFileReference; fileEncoding = 4; lastKnownFileType = sourcecode.c.h; path = FRBrowserView.h; sourceTree = "<group>"; };
		75A141981B6B6EA9003334DD /* FRBrowserView.m */ = {isa = PBXFileReference; fileEncoding = 4; lastKnownFileType = sourcecode.c.objc; path = FRBrowserView.m; sourceTree = "<group>"; };
		75A141991B6B6EA9003334DD /* FRProgressView.h */ = {isa = PBXFileReference; fileEncoding = 4; lastKnownFileType = sourcecode.c.h; path = FRProgressView.h; sourceTree = "<group>"; };
		75A1419A1B6B6EA9003334DD /* FRProgressView.m */ = {isa = PBXFileReference; fileEncoding = 4; lastKnownFileType = sourcecode.c.objc; path = FRProgressView.m; sourceTree = "<group>"; };
		75A1419B1B6B6EA9003334DD /* FRShowImageView.h */ = {isa = PBXFileReference; fileEncoding = 4; lastKnownFileType = sourcecode.c.h; path = FRShowImageView.h; sourceTree = "<group>"; };
		75A1419C1B6B6EA9003334DD /* FRShowImageView.m */ = {isa = PBXFileReference; fileEncoding = 4; lastKnownFileType = sourcecode.c.objc; path = FRShowImageView.m; sourceTree = "<group>"; };
		75E0458F1B68D87C0078278A /* FRBrowserView.app */ = {isa = PBXFileReference; explicitFileType = wrapper.application; includeInIndex = 0; path = FRBrowserView.app; sourceTree = BUILT_PRODUCTS_DIR; };
		75E045931B68D87C0078278A /* Info.plist */ = {isa = PBXFileReference; lastKnownFileType = text.plist.xml; path = Info.plist; sourceTree = "<group>"; };
		75E045941B68D87C0078278A /* main.m */ = {isa = PBXFileReference; lastKnownFileType = sourcecode.c.objc; path = main.m; sourceTree = "<group>"; };
		75E045961B68D87C0078278A /* AppDelegate.h */ = {isa = PBXFileReference; lastKnownFileType = sourcecode.c.h; path = AppDelegate.h; sourceTree = "<group>"; };
		75E045971B68D87C0078278A /* AppDelegate.m */ = {isa = PBXFileReference; lastKnownFileType = sourcecode.c.objc; path = AppDelegate.m; sourceTree = "<group>"; };
		75E045991B68D87C0078278A /* ViewController.h */ = {isa = PBXFileReference; lastKnownFileType = sourcecode.c.h; path = ViewController.h; sourceTree = "<group>"; };
		75E0459A1B68D87C0078278A /* ViewController.m */ = {isa = PBXFileReference; lastKnownFileType = sourcecode.c.objc; path = ViewController.m; sourceTree = "<group>"; };
		75E0459D1B68D87C0078278A /* Base */ = {isa = PBXFileReference; lastKnownFileType = file.storyboard; name = Base; path = Base.lproj/Main.storyboard; sourceTree = "<group>"; };
		75E0459F1B68D87C0078278A /* Images.xcassets */ = {isa = PBXFileReference; lastKnownFileType = folder.assetcatalog; path = Images.xcassets; sourceTree = "<group>"; };
		75E045A21B68D87C0078278A /* Base */ = {isa = PBXFileReference; lastKnownFileType = file.xib; name = Base; path = Base.lproj/LaunchScreen.xib; sourceTree = "<group>"; };
		75E045A81B68D87C0078278A /* FRBrowserViewTests.xctest */ = {isa = PBXFileReference; explicitFileType = wrapper.cfbundle; includeInIndex = 0; path = FRBrowserViewTests.xctest; sourceTree = BUILT_PRODUCTS_DIR; };
		75E045AD1B68D87C0078278A /* Info.plist */ = {isa = PBXFileReference; lastKnownFileType = text.plist.xml; path = Info.plist; sourceTree = "<group>"; };
		75E045AE1B68D87C0078278A /* FRBrowserViewTests.m */ = {isa = PBXFileReference; lastKnownFileType = sourcecode.c.objc; path = FRBrowserViewTests.m; sourceTree = "<group>"; };
		75E045FB1B68F6830078278A /* BrowserType1ViewController.h */ = {isa = PBXFileReference; fileEncoding = 4; lastKnownFileType = sourcecode.c.h; path = BrowserType1ViewController.h; sourceTree = "<group>"; };
		75E045FC1B68F6830078278A /* BrowserType1ViewController.m */ = {isa = PBXFileReference; fileEncoding = 4; lastKnownFileType = sourcecode.c.objc; path = BrowserType1ViewController.m; sourceTree = "<group>"; };
/* End PBXFileReference section */

/* Begin PBXFrameworksBuildPhase section */
		75E0458C1B68D87C0078278A /* Frameworks */ = {
			isa = PBXFrameworksBuildPhase;
			buildActionMask = 2147483647;
			files = (
			);
			runOnlyForDeploymentPostprocessing = 0;
		};
		75E045A51B68D87C0078278A /* Frameworks */ = {
			isa = PBXFrameworksBuildPhase;
			buildActionMask = 2147483647;
			files = (
			);
			runOnlyForDeploymentPostprocessing = 0;
		};
/* End PBXFrameworksBuildPhase section */

/* Begin PBXGroup section */
		758AC8AD1B6A2B66009B135D /* BrowserType4 */ = {
			isa = PBXGroup;
			children = (
				758AC8AE1B6A2B83009B135D /* BrowserType4ViewController.h */,
				758AC8AF1B6A2B83009B135D /* BrowserType4ViewController.m */,
			);
			name = BrowserType4;
			sourceTree = "<group>";
		};
		75A141441B6B0F12003334DD /* BrowserType5 */ = {
			isa = PBXGroup;
			children = (
				75A141451B6B0F3A003334DD /* BrowserType5ViewController.h */,
				75A141461B6B0F3A003334DD /* BrowserType5ViewController.m */,
			);
			name = BrowserType5;
			sourceTree = "<group>";
		};
		75A1414F1B6B6E97003334DD /* SDWebImage */ = {
			isa = PBXGroup;
			children = (
				75A141501B6B6E97003334DD /* LICENSE */,
				75A141511B6B6E97003334DD /* MKAnnotationView+WebCache.h */,
				75A141521B6B6E97003334DD /* MKAnnotationView+WebCache.m */,
				75A141531B6B6E97003334DD /* NSData+GIF.h */,
				75A141541B6B6E97003334DD /* NSData+GIF.m */,
				75A141551B6B6E97003334DD /* README.md */,
				75A141561B6B6E97003334DD /* SDImageCache.h */,
				75A141571B6B6E97003334DD /* SDImageCache.m */,
				75A141581B6B6E97003334DD /* SDImageCacheDelegate.h */,
				75A141591B6B6E97003334DD /* SDWebImageCompat.h */,
				75A1415A1B6B6E97003334DD /* SDWebImageCompat.m */,
				75A1415B1B6B6E97003334DD /* SDWebImageDecoder.h */,
				75A1415C1B6B6E97003334DD /* SDWebImageDecoder.m */,
				75A1415D1B6B6E97003334DD /* SDWebImageDownloader.h */,
				75A1415E1B6B6E97003334DD /* SDWebImageDownloader.m */,
				75A1415F1B6B6E97003334DD /* SDWebImageDownloaderDelegate.h */,
				75A141601B6B6E97003334DD /* SDWebImageDownloaderOperation.h */,
				75A141611B6B6E97003334DD /* SDWebImageDownloaderOperation.m */,
				75A141621B6B6E97003334DD /* SDWebImageManager+MJ.h */,
				75A141631B6B6E97003334DD /* SDWebImageManager+MJ.m */,
				75A141641B6B6E97003334DD /* SDWebImageManager.h */,
				75A141651B6B6E97003334DD /* SDWebImageManager.m */,
				75A141661B6B6E97003334DD /* SDWebImageManagerDelegate.h */,
				75A141671B6B6E97003334DD /* SDWebImageOperation.h */,
				75A141681B6B6E97003334DD /* SDWebImagePrefetcher.h */,
				75A141691B6B6E97003334DD /* SDWebImagePrefetcher.m */,
				75A1416A1B6B6E97003334DD /* UIButton+WebCache.h */,
				75A1416B1B6B6E97003334DD /* UIButton+WebCache.m */,
				75A1416C1B6B6E97003334DD /* UIImage+GIF.h */,
				75A1416D1B6B6E97003334DD /* UIImage+GIF.m */,
				75A1416E1B6B6E97003334DD /* UIImage+MultiFormat.h */,
				75A1416F1B6B6E97003334DD /* UIImage+MultiFormat.m */,
				75A141701B6B6E97003334DD /* UIImage+WebP.h */,
				75A141711B6B6E97003334DD /* UIImage+WebP.m */,
				75A141721B6B6E97003334DD /* UIImageView+WebCache.h */,
				75A141731B6B6E97003334DD /* UIImageView+WebCache.m */,
			);
			name = SDWebImage;
			path = ../../lib/SDWebImage;
			sourceTree = "<group>";
		};
		75A141741B6B6E97003334DD /* SVPullToRefresh */ = {
			isa = PBXGroup;
			children = (
				75A141751B6B6E97003334DD /* SVPullToRefresh.h */,
				75A141761B6B6E97003334DD /* UIScrollView+SVInfiniteScrolling.h */,
				75A141771B6B6E97003334DD /* UIScrollView+SVInfiniteScrolling.m */,
				75A141781B6B6E97003334DD /* UIScrollView+SVPullToRefresh.h */,
				75A141791B6B6E97003334DD /* UIScrollView+SVPullToRefresh.m */,
			);
			name = SVPullToRefresh;
			path = ../../lib/SVPullToRefresh;
			sourceTree = "<group>";
		};
		75A1418D1B6B6EA3003334DD /* FadeTransitioning */ = {
			isa = PBXGroup;
			children = (
				75A1418E1B6B6EA3003334DD /* FadeBackControllerTransitioning.h */,
				75A1418F1B6B6EA3003334DD /* FadeBackControllerTransitioning.m */,
				75A141901B6B6EA3003334DD /* FadeShowControllerTransitioning.h */,
				75A141911B6B6EA3003334DD /* FadeShowControllerTransitioning.m */,
			);
			name = FadeTransitioning;
			path = ../../FadeTransitioning;
			sourceTree = "<group>";
		};
		75A141941B6B6EA9003334DD /* FRBrowserView */ = {
			isa = PBXGroup;
			children = (
				75A141951B6B6EA9003334DD /* FRBrowserFlowLayout.h */,
				75A141961B6B6EA9003334DD /* FRBrowserFlowLayout.m */,
				75A141971B6B6EA9003334DD /* FRBrowserView.h */,
				75A141981B6B6EA9003334DD /* FRBrowserView.m */,
				75A141991B6B6EA9003334DD /* FRProgressView.h */,
				75A1419A1B6B6EA9003334DD /* FRProgressView.m */,
				75A1419B1B6B6EA9003334DD /* FRShowImageView.h */,
				75A1419C1B6B6EA9003334DD /* FRShowImageView.m */,
			);
			name = FRBrowserView;
			path = ../../FRBrowserView;
			sourceTree = "<group>";
		};
		75E045861B68D87C0078278A = {
			isa = PBXGroup;
			children = (
				75E045911B68D87C0078278A /* FRBrowserView */,
				75E045AB1B68D87C0078278A /* FRBrowserViewTests */,
				75E045901B68D87C0078278A /* Products */,
			);
			sourceTree = "<group>";
		};
		75E045901B68D87C0078278A /* Products */ = {
			isa = PBXGroup;
			children = (
				75E0458F1B68D87C0078278A /* FRBrowserView.app */,
				75E045A81B68D87C0078278A /* FRBrowserViewTests.xctest */,
			);
			name = Products;
			sourceTree = "<group>";
		};
		75E045911B68D87C0078278A /* FRBrowserView */ = {
			isa = PBXGroup;
			children = (
				75A141941B6B6EA9003334DD /* FRBrowserView */,
				75A1418D1B6B6EA3003334DD /* FadeTransitioning */,
				75A1414F1B6B6E97003334DD /* SDWebImage */,
				75A141741B6B6E97003334DD /* SVPullToRefresh */,
				75E045B81B68F50F0078278A /* BrowserType1 */,
				75E045B91B68F5230078278A /* BrowserType2 */,
				75E045BA1B68F52B0078278A /* BrowserType3 */,
				758AC8AD1B6A2B66009B135D /* BrowserType4 */,
				75A141441B6B0F12003334DD /* BrowserType5 */,
				75E045961B68D87C0078278A /* AppDelegate.h */,
				75E045971B68D87C0078278A /* AppDelegate.m */,
				75E045991B68D87C0078278A /* ViewController.h */,
				75E0459A1B68D87C0078278A /* ViewController.m */,
				758AC8A51B69F09E009B135D /* BrowserDetailView.h */,
				758AC8A61B69F09E009B135D /* BrowserDetailView.m */,
				75E0459C1B68D87C0078278A /* Main.storyboard */,
				75E0459F1B68D87C0078278A /* Images.xcassets */,
				75E045A11B68D87C0078278A /* LaunchScreen.xib */,
				75E045921B68D87C0078278A /* Supporting Files */,
			);
			path = FRBrowserView;
			sourceTree = "<group>";
		};
		75E045921B68D87C0078278A /* Supporting Files */ = {
			isa = PBXGroup;
			children = (
				75E045931B68D87C0078278A /* Info.plist */,
				75E045941B68D87C0078278A /* main.m */,
			);
			name = "Supporting Files";
			sourceTree = "<group>";
		};
		75E045AB1B68D87C0078278A /* FRBrowserViewTests */ = {
			isa = PBXGroup;
			children = (
				75E045AE1B68D87C0078278A /* FRBrowserViewTests.m */,
				75E045AC1B68D87C0078278A /* Supporting Files */,
			);
			path = FRBrowserViewTests;
			sourceTree = "<group>";
		};
		75E045AC1B68D87C0078278A /* Supporting Files */ = {
			isa = PBXGroup;
			children = (
				75E045AD1B68D87C0078278A /* Info.plist */,
			);
			name = "Supporting Files";
			sourceTree = "<group>";
		};
		75E045B81B68F50F0078278A /* BrowserType1 */ = {
			isa = PBXGroup;
			children = (
				75E045FB1B68F6830078278A /* BrowserType1ViewController.h */,
				75E045FC1B68F6830078278A /* BrowserType1ViewController.m */,
			);
			name = BrowserType1;
			sourceTree = "<group>";
		};
		75E045B91B68F5230078278A /* BrowserType2 */ = {
			isa = PBXGroup;
			children = (
				758AC89C1B69B5A8009B135D /* BrowserType2ViewController.h */,
				758AC89D1B69B5A8009B135D /* BrowserType2ViewController.m */,
			);
			name = BrowserType2;
			sourceTree = "<group>";
		};
		75E045BA1B68F52B0078278A /* BrowserType3 */ = {
			isa = PBXGroup;
			children = (
				758AC89F1B69BC30009B135D /* BrowserType3ViewController.h */,
				758AC8A01B69BC30009B135D /* BrowserType3ViewController.m */,
			);
			name = BrowserType3;
			sourceTree = "<group>";
		};
/* End PBXGroup section */

/* Begin PBXNativeTarget section */
		75E0458E1B68D87C0078278A /* FRBrowserView */ = {
			isa = PBXNativeTarget;
			buildConfigurationList = 75E045B21B68D87C0078278A /* Build configuration list for PBXNativeTarget "FRBrowserView" */;
			buildPhases = (
				75E0458B1B68D87C0078278A /* Sources */,
				75E0458C1B68D87C0078278A /* Frameworks */,
				75E0458D1B68D87C0078278A /* Resources */,
			);
			buildRules = (
			);
			dependencies = (
			);
			name = FRBrowserView;
			productName = FRBrowserView;
			productReference = 75E0458F1B68D87C0078278A /* FRBrowserView.app */;
			productType = "com.apple.product-type.application";
		};
		75E045A71B68D87C0078278A /* FRBrowserViewTests */ = {
			isa = PBXNativeTarget;
			buildConfigurationList = 75E045B51B68D87C0078278A /* Build configuration list for PBXNativeTarget "FRBrowserViewTests" */;
			buildPhases = (
				75E045A41B68D87C0078278A /* Sources */,
				75E045A51B68D87C0078278A /* Frameworks */,
				75E045A61B68D87C0078278A /* Resources */,
			);
			buildRules = (
			);
			dependencies = (
				75E045AA1B68D87C0078278A /* PBXTargetDependency */,
			);
			name = FRBrowserViewTests;
			productName = FRBrowserViewTests;
			productReference = 75E045A81B68D87C0078278A /* FRBrowserViewTests.xctest */;
			productType = "com.apple.product-type.bundle.unit-test";
		};
/* End PBXNativeTarget section */

/* Begin PBXProject section */
		75E045871B68D87C0078278A /* Project object */ = {
			isa = PBXProject;
			attributes = {
				LastUpgradeCheck = 0640;
				ORGANIZATIONNAME = FRBrowserView;
				TargetAttributes = {
					75E0458E1B68D87C0078278A = {
						CreatedOnToolsVersion = 6.4;
					};
					75E045A71B68D87C0078278A = {
						CreatedOnToolsVersion = 6.4;
						TestTargetID = 75E0458E1B68D87C0078278A;
					};
				};
			};
			buildConfigurationList = 75E0458A1B68D87C0078278A /* Build configuration list for PBXProject "FRBrowserView" */;
			compatibilityVersion = "Xcode 3.2";
			developmentRegion = English;
			hasScannedForEncodings = 0;
			knownRegions = (
				en,
				Base,
			);
			mainGroup = 75E045861B68D87C0078278A;
			productRefGroup = 75E045901B68D87C0078278A /* Products */;
			projectDirPath = "";
			projectRoot = "";
			targets = (
				75E0458E1B68D87C0078278A /* FRBrowserView */,
				75E045A71B68D87C0078278A /* FRBrowserViewTests */,
			);
		};
/* End PBXProject section */

/* Begin PBXResourcesBuildPhase section */
		75E0458D1B68D87C0078278A /* Resources */ = {
			isa = PBXResourcesBuildPhase;
			buildActionMask = 2147483647;
			files = (
				75E0459E1B68D87C0078278A /* Main.storyboard in Resources */,
				75E045A31B68D87C0078278A /* LaunchScreen.xib in Resources */,
				75A1417A1B6B6E97003334DD /* LICENSE in Resources */,
				75E045A01B68D87C0078278A /* Images.xcassets in Resources */,
			);
			runOnlyForDeploymentPostprocessing = 0;
		};
		75E045A61B68D87C0078278A /* Resources */ = {
			isa = PBXResourcesBuildPhase;
			buildActionMask = 2147483647;
			files = (
			);
			runOnlyForDeploymentPostprocessing = 0;
		};
/* End PBXResourcesBuildPhase section */

/* Begin PBXSourcesBuildPhase section */
		75E0458B1B68D87C0078278A /* Sources */ = {
			isa = PBXSourcesBuildPhase;
			buildActionMask = 2147483647;
			files = (
				75A141871B6B6E97003334DD /* UIImage+GIF.m in Sources */,
				75E045FD1B68F6830078278A /* BrowserType1ViewController.m in Sources */,
				75A141A01B6B6EA9003334DD /* FRShowImageView.m in Sources */,
				75A141851B6B6E97003334DD /* SDWebImagePrefetcher.m in Sources */,
				75E0459B1B68D87C0078278A /* ViewController.m in Sources */,
				75A1419E1B6B6EA9003334DD /* FRBrowserView.m in Sources */,
				75A141831B6B6E97003334DD /* SDWebImageManager+MJ.m in Sources */,
				75A1418C1B6B6E97003334DD /* UIScrollView+SVPullToRefresh.m in Sources */,
				758AC8B01B6A2B83009B135D /* BrowserType4ViewController.m in Sources */,
				75A1417B1B6B6E97003334DD /* MKAnnotationView+WebCache.m in Sources */,
				75A1418A1B6B6E97003334DD /* UIImageView+WebCache.m in Sources */,
				758AC8A11B69BC30009B135D /* BrowserType3ViewController.m in Sources */,
				75A141861B6B6E97003334DD /* UIButton+WebCache.m in Sources */,
				75A1418B1B6B6E97003334DD /* UIScrollView+SVInfiniteScrolling.m in Sources */,
				75A1417F1B6B6E97003334DD /* SDWebImageCompat.m in Sources */,
				75E045981B68D87C0078278A /* AppDelegate.m in Sources */,
				75A141801B6B6E97003334DD /* SDWebImageDecoder.m in Sources */,
				75A141821B6B6E97003334DD /* SDWebImageDownloaderOperation.m in Sources */,
				75A1419D1B6B6EA9003334DD /* FRBrowserFlowLayout.m in Sources */,
				75A141881B6B6E97003334DD /* UIImage+MultiFormat.m in Sources */,
				75A1419F1B6B6EA9003334DD /* FRProgressView.m in Sources */,
				75A141931B6B6EA3003334DD /* FadeShowControllerTransitioning.m in Sources */,
				75A141811B6B6E97003334DD /* SDWebImageDownloader.m in Sources */,
				75A1417D1B6B6E97003334DD /* README.md in Sources */,
				75A141471B6B0F3A003334DD /* BrowserType5ViewController.m in Sources */,
				758AC89E1B69B5A8009B135D /* BrowserType2ViewController.m in Sources */,
				758AC8A71B69F09E009B135D /* BrowserDetailView.m in Sources */,
				75A141921B6B6EA3003334DD /* FadeBackControllerTransitioning.m in Sources */,
				75A141891B6B6E97003334DD /* UIImage+WebP.m in Sources */,
				75A141841B6B6E97003334DD /* SDWebImageManager.m in Sources */,
				75A1417E1B6B6E97003334DD /* SDImageCache.m in Sources */,
				75A1417C1B6B6E97003334DD /* NSData+GIF.m in Sources */,
				75E045951B68D87C0078278A /* main.m in Sources */,
			);
			runOnlyForDeploymentPostprocessing = 0;
		};
		75E045A41B68D87C0078278A /* Sources */ = {
			isa = PBXSourcesBuildPhase;
			buildActionMask = 2147483647;
			files = (
				75E045AF1B68D87C0078278A /* FRBrowserViewTests.m in Sources */,
			);
			runOnlyForDeploymentPostprocessing = 0;
		};
/* End PBXSourcesBuildPhase section */

/* Begin PBXTargetDependency section */
		75E045AA1B68D87C0078278A /* PBXTargetDependency */ = {
			isa = PBXTargetDependency;
			target = 75E0458E1B68D87C0078278A /* FRBrowserView */;
			targetProxy = 75E045A91B68D87C0078278A /* PBXContainerItemProxy */;
		};
/* End PBXTargetDependency section */

/* Begin PBXVariantGroup section */
		75E0459C1B68D87C0078278A /* Main.storyboard */ = {
			isa = PBXVariantGroup;
			children = (
				75E0459D1B68D87C0078278A /* Base */,
			);
			name = Main.storyboard;
			sourceTree = "<group>";
		};
		75E045A11B68D87C0078278A /* LaunchScreen.xib */ = {
			isa = PBXVariantGroup;
			children = (
				75E045A21B68D87C0078278A /* Base */,
			);
			name = LaunchScreen.xib;
			sourceTree = "<group>";
		};
/* End PBXVariantGroup section */

/* Begin XCBuildConfiguration section */
		75E045B01B68D87C0078278A /* Debug */ = {
			isa = XCBuildConfiguration;
			buildSettings = {
				ALWAYS_SEARCH_USER_PATHS = NO;
				CLANG_CXX_LANGUAGE_STANDARD = "gnu++0x";
				CLANG_CXX_LIBRARY = "libc++";
				CLANG_ENABLE_MODULES = YES;
				CLANG_ENABLE_OBJC_ARC = YES;
				CLANG_WARN_BOOL_CONVERSION = YES;
				CLANG_WARN_CONSTANT_CONVERSION = YES;
				CLANG_WARN_DIRECT_OBJC_ISA_USAGE = YES_ERROR;
				CLANG_WARN_EMPTY_BODY = YES;
				CLANG_WARN_ENUM_CONVERSION = YES;
				CLANG_WARN_INT_CONVERSION = YES;
				CLANG_WARN_OBJC_ROOT_CLASS = YES_ERROR;
				CLANG_WARN_UNREACHABLE_CODE = YES;
				CLANG_WARN__DUPLICATE_METHOD_MATCH = YES;
				"CODE_SIGN_IDENTITY[sdk=iphoneos*]" = "iPhone Developer";
				COPY_PHASE_STRIP = NO;
				DEBUG_INFORMATION_FORMAT = "dwarf-with-dsym";
				ENABLE_STRICT_OBJC_MSGSEND = YES;
				GCC_C_LANGUAGE_STANDARD = gnu99;
				GCC_DYNAMIC_NO_PIC = NO;
				GCC_NO_COMMON_BLOCKS = YES;
				GCC_OPTIMIZATION_LEVEL = 0;
				GCC_PREPROCESSOR_DEFINITIONS = (
					"DEBUG=1",
					"$(inherited)",
				);
				GCC_SYMBOLS_PRIVATE_EXTERN = NO;
				GCC_WARN_64_TO_32_BIT_CONVERSION = YES;
				GCC_WARN_ABOUT_RETURN_TYPE = YES_ERROR;
				GCC_WARN_UNDECLARED_SELECTOR = YES;
				GCC_WARN_UNINITIALIZED_AUTOS = YES_AGGRESSIVE;
				GCC_WARN_UNUSED_FUNCTION = YES;
				GCC_WARN_UNUSED_VARIABLE = YES;
				IPHONEOS_DEPLOYMENT_TARGET = 8.4;
				MTL_ENABLE_DEBUG_INFO = YES;
				ONLY_ACTIVE_ARCH = YES;
				SDKROOT = iphoneos;
			};
			name = Debug;
		};
		75E045B11B68D87C0078278A /* Release */ = {
			isa = XCBuildConfiguration;
			buildSettings = {
				ALWAYS_SEARCH_USER_PATHS = NO;
				CLANG_CXX_LANGUAGE_STANDARD = "gnu++0x";
				CLANG_CXX_LIBRARY = "libc++";
				CLANG_ENABLE_MODULES = YES;
				CLANG_ENABLE_OBJC_ARC = YES;
				CLANG_WARN_BOOL_CONVERSION = YES;
				CLANG_WARN_CONSTANT_CONVERSION = YES;
				CLANG_WARN_DIRECT_OBJC_ISA_USAGE = YES_ERROR;
				CLANG_WARN_EMPTY_BODY = YES;
				CLANG_WARN_ENUM_CONVERSION = YES;
				CLANG_WARN_INT_CONVERSION = YES;
				CLANG_WARN_OBJC_ROOT_CLASS = YES_ERROR;
				CLANG_WARN_UNREACHABLE_CODE = YES;
				CLANG_WARN__DUPLICATE_METHOD_MATCH = YES;
				"CODE_SIGN_IDENTITY[sdk=iphoneos*]" = "iPhone Developer";
				COPY_PHASE_STRIP = NO;
				DEBUG_INFORMATION_FORMAT = "dwarf-with-dsym";
				ENABLE_NS_ASSERTIONS = NO;
				ENABLE_STRICT_OBJC_MSGSEND = YES;
				GCC_C_LANGUAGE_STANDARD = gnu99;
				GCC_NO_COMMON_BLOCKS = YES;
				GCC_WARN_64_TO_32_BIT_CONVERSION = YES;
				GCC_WARN_ABOUT_RETURN_TYPE = YES_ERROR;
				GCC_WARN_UNDECLARED_SELECTOR = YES;
				GCC_WARN_UNINITIALIZED_AUTOS = YES_AGGRESSIVE;
				GCC_WARN_UNUSED_FUNCTION = YES;
				GCC_WARN_UNUSED_VARIABLE = YES;
				IPHONEOS_DEPLOYMENT_TARGET = 8.4;
				MTL_ENABLE_DEBUG_INFO = NO;
				SDKROOT = iphoneos;
				VALIDATE_PRODUCT = YES;
			};
			name = Release;
		};
		75E045B31B68D87C0078278A /* Debug */ = {
			isa = XCBuildConfiguration;
			buildSettings = {
				ASSETCATALOG_COMPILER_APPICON_NAME = AppIcon;
				CODE_SIGN_IDENTITY = "iPhone Developer";
				INFOPLIST_FILE = FRBrowserView/Info.plist;
				IPHONEOS_DEPLOYMENT_TARGET = 8.0;
				LD_RUNPATH_SEARCH_PATHS = "$(inherited) @executable_path/Frameworks";
				PRODUCT_NAME = "$(TARGET_NAME)";
			};
			name = Debug;
		};
		75E045B41B68D87C0078278A /* Release */ = {
			isa = XCBuildConfiguration;
			buildSettings = {
				ASSETCATALOG_COMPILER_APPICON_NAME = AppIcon;
				CODE_SIGN_IDENTITY = "iPhone Developer";
				INFOPLIST_FILE = FRBrowserView/Info.plist;
				IPHONEOS_DEPLOYMENT_TARGET = 8.0;
				LD_RUNPATH_SEARCH_PATHS = "$(inherited) @executable_path/Frameworks";
				PRODUCT_NAME = "$(TARGET_NAME)";
			};
			name = Release;
		};
		75E045B61B68D87C0078278A /* Debug */ = {
			isa = XCBuildConfiguration;
			buildSettings = {
				BUNDLE_LOADER = "$(TEST_HOST)";
				FRAMEWORK_SEARCH_PATHS = (
					"$(SDKROOT)/Developer/Library/Frameworks",
					"$(inherited)",
				);
				GCC_PREPROCESSOR_DEFINITIONS = (
					"DEBUG=1",
					"$(inherited)",
				);
				INFOPLIST_FILE = FRBrowserViewTests/Info.plist;
				LD_RUNPATH_SEARCH_PATHS = "$(inherited) @executable_path/Frameworks @loader_path/Frameworks";
				PRODUCT_NAME = "$(TARGET_NAME)";
				TEST_HOST = "$(BUILT_PRODUCTS_DIR)/FRBrowserView.app/FRBrowserView";
			};
			name = Debug;
		};
		75E045B71B68D87C0078278A /* Release */ = {
			isa = XCBuildConfiguration;
			buildSettings = {
				BUNDLE_LOADER = "$(TEST_HOST)";
				FRAMEWORK_SEARCH_PATHS = (
					"$(SDKROOT)/Developer/Library/Frameworks",
					"$(inherited)",
				);
				INFOPLIST_FILE = FRBrowserViewTests/Info.plist;
				LD_RUNPATH_SEARCH_PATHS = "$(inherited) @executable_path/Frameworks @loader_path/Frameworks";
				PRODUCT_NAME = "$(TARGET_NAME)";
				TEST_HOST = "$(BUILT_PRODUCTS_DIR)/FRBrowserView.app/FRBrowserView";
			};
			name = Release;
		};
/* End XCBuildConfiguration section */

/* Begin XCConfigurationList section */
		75E0458A1B68D87C0078278A /* Build configuration list for PBXProject "FRBrowserView" */ = {
			isa = XCConfigurationList;
			buildConfigurations = (
				75E045B01B68D87C0078278A /* Debug */,
				75E045B11B68D87C0078278A /* Release */,
			);
			defaultConfigurationIsVisible = 0;
			defaultConfigurationName = Release;
		};
		75E045B21B68D87C0078278A /* Build configuration list for PBXNativeTarget "FRBrowserView" */ = {
			isa = XCConfigurationList;
			buildConfigurations = (
				75E045B31B68D87C0078278A /* Debug */,
				75E045B41B68D87C0078278A /* Release */,
			);
			defaultConfigurationIsVisible = 0;
			defaultConfigurationName = Release;
		};
		75E045B51B68D87C0078278A /* Build configuration list for PBXNativeTarget "FRBrowserViewTests" */ = {
			isa = XCConfigurationList;
			buildConfigurations = (
				75E045B61B68D87C0078278A /* Debug */,
				75E045B71B68D87C0078278A /* Release */,
			);
			defaultConfigurationIsVisible = 0;
			defaultConfigurationName = Release;
		};
/* End XCConfigurationList section */
	};
	rootObject = 75E045871B68D87C0078278A /* Project object */;
}
